// !$*UTF8*$!
{
	archiveVersion = 1;
	classes = {
	};
	objectVersion = 46;
	objects = {

/* Begin PBXBuildFile section */
		436BE2E01F336C60002E141D /* main.m in Sources */ = {isa = PBXBuildFile; fileRef = 436BE2DF1F336C60002E141D /* main.m */; };
		436BE2E31F336C60002E141D /* AppDelegate.m in Sources */ = {isa = PBXBuildFile; fileRef = 436BE2E21F336C60002E141D /* AppDelegate.m */; };
		436BE2E61F336C60002E141D /* ViewController.m in Sources */ = {isa = PBXBuildFile; fileRef = 436BE2E51F336C60002E141D /* ViewController.m */; };
		436BE2E91F336C60002E141D /* Main.storyboard in Resources */ = {isa = PBXBuildFile; fileRef = 436BE2E71F336C60002E141D /* Main.storyboard */; };
		436BE2EB1F336C60002E141D /* Assets.xcassets in Resources */ = {isa = PBXBuildFile; fileRef = 436BE2EA1F336C60002E141D /* Assets.xcassets */; };
		436BE2EE1F336C60002E141D /* LaunchScreen.storyboard in Resources */ = {isa = PBXBuildFile; fileRef = 436BE2EC1F336C60002E141D /* LaunchScreen.storyboard */; };
		436BE2F91F336C60002E141D /* ZYYTextFieldTests.m in Sources */ = {isa = PBXBuildFile; fileRef = 436BE2F81F336C60002E141D /* ZYYTextFieldTests.m */; };
		436BE3041F336C60002E141D /* ZYYTextFieldUITests.m in Sources */ = {isa = PBXBuildFile; fileRef = 436BE3031F336C60002E141D /* ZYYTextFieldUITests.m */; };
		436BE3141F336D4C002E141D /* ZYYTextField.m in Sources */ = {isa = PBXBuildFile; fileRef = 436BE3131F336D4C002E141D /* ZYYTextField.m */; };
/* End PBXBuildFile section */

/* Begin PBXContainerItemProxy section */
		436BE2F51F336C60002E141D /* PBXContainerItemProxy */ = {
			isa = PBXContainerItemProxy;
			containerPortal = 436BE2D31F336C60002E141D /* Project object */;
			proxyType = 1;
			remoteGlobalIDString = 436BE2DA1F336C60002E141D;
			remoteInfo = ZYYTextField;
		};
		436BE3001F336C60002E141D /* PBXContainerItemProxy */ = {
			isa = PBXContainerItemProxy;
			containerPortal = 436BE2D31F336C60002E141D /* Project object */;
			proxyType = 1;
			remoteGlobalIDString = 436BE2DA1F336C60002E141D;
			remoteInfo = ZYYTextField;
		};
/* End PBXContainerItemProxy section */

/* Begin PBXFileReference section */
		436BE2DB1F336C60002E141D /* ZYYTextField.app */ = {isa = PBXFileReference; explicitFileType = wrapper.application; includeInIndex = 0; path = ZYYTextField.app; sourceTree = BUILT_PRODUCTS_DIR; };
		436BE2DF1F336C60002E141D /* main.m */ = {isa = PBXFileReference; lastKnownFileType = sourcecode.c.objc; path = main.m; sourceTree = "<group>"; };
		436BE2E11F336C60002E141D /* AppDelegate.h */ = {isa = PBXFileReference; lastKnownFileType = sourcecode.c.h; path = AppDelegate.h; sourceTree = "<group>"; };
		436BE2E21F336C60002E141D /* AppDelegate.m */ = {isa = PBXFileReference; lastKnownFileType = sourcecode.c.objc; path = AppDelegate.m; sourceTree = "<group>"; };
		436BE2E41F336C60002E141D /* ViewController.h */ = {isa = PBXFileReference; lastKnownFileType = sourcecode.c.h; path = ViewController.h; sourceTree = "<group>"; };
		436BE2E51F336C60002E141D /* ViewController.m */ = {isa = PBXFileReference; lastKnownFileType = sourcecode.c.objc; path = ViewController.m; sourceTree = "<group>"; };
		436BE2E81F336C60002E141D /* Base */ = {isa = PBXFileReference; lastKnownFileType = file.storyboard; name = Base; path = Base.lproj/Main.storyboard; sourceTree = "<group>"; };
		436BE2EA1F336C60002E141D /* Assets.xcassets */ = {isa = PBXFileReference; lastKnownFileType = folder.assetcatalog; path = Assets.xcassets; sourceTree = "<group>"; };
		436BE2ED1F336C60002E141D /* Base */ = {isa = PBXFileReference; lastKnownFileType = file.storyboard; name = Base; path = Base.lproj/LaunchScreen.storyboard; sourceTree = "<group>"; };
		436BE2EF1F336C60002E141D /* Info.plist */ = {isa = PBXFileReference; lastKnownFileType = text.plist.xml; path = Info.plist; sourceTree = "<group>"; };
		436BE2F41F336C60002E141D /* ZYYTextFieldTests.xctest */ = {isa = PBXFileReference; explicitFileType = wrapper.cfbundle; includeInIndex = 0; path = ZYYTextFieldTests.xctest; sourceTree = BUILT_PRODUCTS_DIR; };
		436BE2F81F336C60002E141D /* ZYYTextFieldTests.m */ = {isa = PBXFileReference; lastKnownFileType = sourcecode.c.objc; path = ZYYTextFieldTests.m; sourceTree = "<group>"; };
		436BE2FA1F336C60002E141D /* Info.plist */ = {isa = PBXFileReference; lastKnownFileType = text.plist.xml; path = Info.plist; sourceTree = "<group>"; };
		436BE2FF1F336C60002E141D /* ZYYTextFieldUITests.xctest */ = {isa = PBXFileReference; explicitFileType = wrapper.cfbundle; includeInIndex = 0; path = ZYYTextFieldUITests.xctest; sourceTree = BUILT_PRODUCTS_DIR; };
		436BE3031F336C60002E141D /* ZYYTextFieldUITests.m */ = {isa = PBXFileReference; lastKnownFileType = sourcecode.c.objc; path = ZYYTextFieldUITests.m; sourceTree = "<group>"; };
		436BE3051F336C60002E141D /* Info.plist */ = {isa = PBXFileReference; lastKnownFileType = text.plist.xml; path = Info.plist; sourceTree = "<group>"; };
		436BE3121F336D4C002E141D /* ZYYTextField.h */ = {isa = PBXFileReference; fileEncoding = 4; lastKnownFileType = sourcecode.c.h; path = ZYYTextField.h; sourceTree = "<group>"; };
		436BE3131F336D4C002E141D /* ZYYTextField.m */ = {isa = PBXFileReference; fileEncoding = 4; lastKnownFileType = sourcecode.c.objc; path = ZYYTextField.m; sourceTree = "<group>"; };
/* End PBXFileReference section */

/* Begin PBXFrameworksBuildPhase section */
		436BE2D81F336C60002E141D /* Frameworks */ = {
			isa = PBXFrameworksBuildPhase;
			buildActionMask = 2147483647;
			files = (
			);
			runOnlyForDeploymentPostprocessing = 0;
		};
		436BE2F11F336C60002E141D /* Frameworks */ = {
			isa = PBXFrameworksBuildPhase;
			buildActionMask = 2147483647;
			files = (
			);
			runOnlyForDeploymentPostprocessing = 0;
		};
		436BE2FC1F336C60002E141D /* Frameworks */ = {
			isa = PBXFrameworksBuildPhase;
			buildActionMask = 2147483647;
			files = (
			);
			runOnlyForDeploymentPostprocessing = 0;
		};
/* End PBXFrameworksBuildPhase section */

/* Begin PBXGroup section */
		436BE2D21F336C60002E141D = {
			isa = PBXGroup;
			children = (
				436BE2DD1F336C60002E141D /* ZYYTextField */,
				436BE2F71F336C60002E141D /* ZYYTextFieldTests */,
				436BE3021F336C60002E141D /* ZYYTextFieldUITests */,
				436BE2DC1F336C60002E141D /* Products */,
			);
			sourceTree = "<group>";
		};
		436BE2DC1F336C60002E141D /* Products */ = {
			isa = PBXGroup;
			children = (
				436BE2DB1F336C60002E141D /* ZYYTextField.app */,
				436BE2F41F336C60002E141D /* ZYYTextFieldTests.xctest */,
				436BE2FF1F336C60002E141D /* ZYYTextFieldUITests.xctest */,
			);
			name = Products;
			sourceTree = "<group>";
		};
		436BE2DD1F336C60002E141D /* ZYYTextField */ = {
			isa = PBXGroup;
			children = (
				436BE3111F336C84002E141D /* ZYYTextField */,
				436BE2E11F336C60002E141D /* AppDelegate.h */,
				436BE2E21F336C60002E141D /* AppDelegate.m */,
				436BE2E41F336C60002E141D /* ViewController.h */,
				436BE2E51F336C60002E141D /* ViewController.m */,
				436BE2E71F336C60002E141D /* Main.storyboard */,
				436BE2EA1F336C60002E141D /* Assets.xcassets */,
				436BE2EC1F336C60002E141D /* LaunchScreen.storyboard */,
				436BE2EF1F336C60002E141D /* Info.plist */,
				436BE2DE1F336C60002E141D /* Supporting Files */,
			);
			path = ZYYTextField;
			sourceTree = "<group>";
		};
		436BE2DE1F336C60002E141D /* Supporting Files */ = {
			isa = PBXGroup;
			children = (
				436BE2DF1F336C60002E141D /* main.m */,
			);
			name = "Supporting Files";
			sourceTree = "<group>";
		};
		436BE2F71F336C60002E141D /* ZYYTextFieldTests */ = {
			isa = PBXGroup;
			children = (
				436BE2F81F336C60002E141D /* ZYYTextFieldTests.m */,
				436BE2FA1F336C60002E141D /* Info.plist */,
			);
			path = ZYYTextFieldTests;
			sourceTree = "<group>";
		};
		436BE3021F336C60002E141D /* ZYYTextFieldUITests */ = {
			isa = PBXGroup;
			children = (
				436BE3031F336C60002E141D /* ZYYTextFieldUITests.m */,
				436BE3051F336C60002E141D /* Info.plist */,
			);
			path = ZYYTextFieldUITests;
			sourceTree = "<group>";
		};
		436BE3111F336C84002E141D /* ZYYTextField */ = {
			isa = PBXGroup;
			children = (
				436BE3121F336D4C002E141D /* ZYYTextField.h */,
				436BE3131F336D4C002E141D /* ZYYTextField.m */,
			);
			name = ZYYTextField;
			sourceTree = "<group>";
		};
/* End PBXGroup section */

/* Begin PBXNativeTarget section */
		436BE2DA1F336C60002E141D /* ZYYTextField */ = {
			isa = PBXNativeTarget;
			buildConfigurationList = 436BE3081F336C60002E141D /* Build configuration list for PBXNativeTarget "ZYYTextField" */;
			buildPhases = (
				436BE2D71F336C60002E141D /* Sources */,
				436BE2D81F336C60002E141D /* Frameworks */,
				436BE2D91F336C60002E141D /* Resources */,
			);
			buildRules = (
			);
			dependencies = (
			);
			name = ZYYTextField;
			productName = ZYYTextField;
			productReference = 436BE2DB1F336C60002E141D /* ZYYTextField.app */;
			productType = "com.apple.product-type.application";
		};
		436BE2F31F336C60002E141D /* ZYYTextFieldTests */ = {
			isa = PBXNativeTarget;
			buildConfigurationList = 436BE30B1F336C60002E141D /* Build configuration list for PBXNativeTarget "ZYYTextFieldTests" */;
			buildPhases = (
				436BE2F01F336C60002E141D /* Sources */,
				436BE2F11F336C60002E141D /* Frameworks */,
				436BE2F21F336C60002E141D /* Resources */,
			);
			buildRules = (
			);
			dependencies = (
				436BE2F61F336C60002E141D /* PBXTargetDependency */,
			);
			name = ZYYTextFieldTests;
			productName = ZYYTextFieldTests;
			productReference = 436BE2F41F336C60002E141D /* ZYYTextFieldTests.xctest */;
			productType = "com.apple.product-type.bundle.unit-test";
		};
		436BE2FE1F336C60002E141D /* ZYYTextFieldUITests */ = {
			isa = PBXNativeTarget;
			buildConfigurationList = 436BE30E1F336C60002E141D /* Build configuration list for PBXNativeTarget "ZYYTextFieldUITests" */;
			buildPhases = (
				436BE2FB1F336C60002E141D /* Sources */,
				436BE2FC1F336C60002E141D /* Frameworks */,
				436BE2FD1F336C60002E141D /* Resources */,
			);
			buildRules = (
			);
			dependencies = (
				436BE3011F336C60002E141D /* PBXTargetDependency */,
			);
			name = ZYYTextFieldUITests;
			productName = ZYYTextFieldUITests;
			productReference = 436BE2FF1F336C60002E141D /* ZYYTextFieldUITests.xctest */;
			productType = "com.apple.product-type.bundle.ui-testing";
		};
/* End PBXNativeTarget section */

/* Begin PBXProject section */
		436BE2D31F336C60002E141D /* Project object */ = {
			isa = PBXProject;
			attributes = {
				LastUpgradeCheck = 0830;
				ORGANIZATIONNAME = shiheng;
				TargetAttributes = {
					436BE2DA1F336C60002E141D = {
						CreatedOnToolsVersion = 8.3.3;
						DevelopmentTeam = JLNZ74Z7TD;
						ProvisioningStyle = Automatic;
					};
					436BE2F31F336C60002E141D = {
						CreatedOnToolsVersion = 8.3.3;
						DevelopmentTeam = JLNZ74Z7TD;
						ProvisioningStyle = Automatic;
						TestTargetID = 436BE2DA1F336C60002E141D;
					};
					436BE2FE1F336C60002E141D = {
						CreatedOnToolsVersion = 8.3.3;
						DevelopmentTeam = JLNZ74Z7TD;
						ProvisioningStyle = Automatic;
						TestTargetID = 436BE2DA1F336C60002E141D;
					};
				};
			};
			buildConfigurationList = 436BE2D61F336C60002E141D /* Build configuration list for PBXProject "ZYYTextField" */;
			compatibilityVersion = "Xcode 3.2";
			developmentRegion = English;
			hasScannedForEncodings = 0;
			knownRegions = (
				en,
				Base,
			);
			mainGroup = 436BE2D21F336C60002E141D;
			productRefGroup = 436BE2DC1F336C60002E141D /* Products */;
			projectDirPath = "";
			projectRoot = "";
			targets = (
				436BE2DA1F336C60002E141D /* ZYYTextField */,
				436BE2F31F336C60002E141D /* ZYYTextFieldTests */,
				436BE2FE1F336C60002E141D /* ZYYTextFieldUITests */,
			);
		};
/* End PBXProject section */

/* Begin PBXResourcesBuildPhase section */
		436BE2D91F336C60002E141D /* Resources */ = {
			isa = PBXResourcesBuildPhase;
			buildActionMask = 2147483647;
			files = (
				436BE2EE1F336C60002E141D /* LaunchScreen.storyboard in Resources */,
				436BE2EB1F336C60002E141D /* Assets.xcassets in Resources */,
				436BE2E91F336C60002E141D /* Main.storyboard in Resources */,
			);
			runOnlyForDeploymentPostprocessing = 0;
		};
		436BE2F21F336C60002E141D /* Resources */ = {
			isa = PBXResourcesBuildPhase;
			buildActionMask = 2147483647;
			files = (
			);
			runOnlyForDeploymentPostprocessing = 0;
		};
		436BE2FD1F336C60002E141D /* Resources */ = {
			isa = PBXResourcesBuildPhase;
			buildActionMask = 2147483647;
			files = (
			);
			runOnlyForDeploymentPostprocessing = 0;
		};
/* End PBXResourcesBuildPhase section */

/* Begin PBXSourcesBuildPhase section */
		436BE2D71F336C60002E141D /* Sources */ = {
			isa = PBXSourcesBuildPhase;
			buildActionMask = 2147483647;
			files = (
				436BE2E61F336C60002E141D /* ViewController.m in Sources */,
				436BE2E31F336C60002E141D /* AppDelegate.m in Sources */,
				436BE2E01F336C60002E141D /* main.m in Sources */,
				436BE3141F336D4C002E141D /* ZYYTextField.m in Sources */,
			);
			runOnlyForDeploymentPostprocessing = 0;
		};
		436BE2F01F336C60002E141D /* Sources */ = {
			isa = PBXSourcesBuildPhase;
			buildActionMask = 2147483647;
			files = (
				436BE2F91F336C60002E141D /* ZYYTextFieldTests.m in Sources */,
			);
			runOnlyForDeploymentPostprocessing = 0;
		};
		436BE2FB1F336C60002E141D /* Sources */ = {
			isa = PBXSourcesBuildPhase;
			buildActionMask = 2147483647;
			files = (
				436BE3041F336C60002E141D /* ZYYTextFieldUITests.m in Sources */,
			);
			runOnlyForDeploymentPostprocessing = 0;
		};
/* End PBXSourcesBuildPhase section */

/* Begin PBXTargetDependency section */
		436BE2F61F336C60002E141D /* PBXTargetDependency */ = {
			isa = PBXTargetDependency;
			target = 436BE2DA1F336C60002E141D /* ZYYTextField */;
			targetProxy = 436BE2F51F336C60002E141D /* PBXContainerItemProxy */;
		};
		436BE3011F336C60002E141D /* PBXTargetDependency */ = {
			isa = PBXTargetDependency;
			target = 436BE2DA1F336C60002E141D /* ZYYTextField */;
			targetProxy = 436BE3001F336C60002E141D /* PBXContainerItemProxy */;
		};
/* End PBXTargetDependency section */

/* Begin PBXVariantGroup section */
		436BE2E71F336C60002E141D /* Main.storyboard */ = {
			isa = PBXVariantGroup;
			children = (
				436BE2E81F336C60002E141D /* Base */,
			);
			name = Main.storyboard;
			sourceTree = "<group>";
		};
		436BE2EC1F336C60002E141D /* LaunchScreen.storyboard */ = {
			isa = PBXVariantGroup;
			children = (
				436BE2ED1F336C60002E141D /* Base */,
			);
			name = LaunchScreen.storyboard;
			sourceTree = "<group>";
		};
/* End PBXVariantGroup section */

/* Begin XCBuildConfiguration section */
		436BE3061F336C60002E141D /* Debug */ = {
			isa = XCBuildConfiguration;
			buildSettings = {
				ALWAYS_SEARCH_USER_PATHS = NO;
				CLANG_ANALYZER_NONNULL = YES;
				CLANG_ANALYZER_NUMBER_OBJECT_CONVERSION = YES_AGGRESSIVE;
				CLANG_CXX_LANGUAGE_STANDARD = "gnu++0x";
				CLANG_CXX_LIBRARY = "libc++";
				CLANG_ENABLE_MODULES = YES;
				CLANG_ENABLE_OBJC_ARC = YES;
				CLANG_WARN_BOOL_CONVERSION = YES;
				CLANG_WARN_CONSTANT_CONVERSION = YES;
				CLANG_WARN_DIRECT_OBJC_ISA_USAGE = YES_ERROR;
				CLANG_WARN_DOCUMENTATION_COMMENTS = YES;
				CLANG_WARN_EMPTY_BODY = YES;
				CLANG_WARN_ENUM_CONVERSION = YES;
				CLANG_WARN_INFINITE_RECURSION = YES;
				CLANG_WARN_INT_CONVERSION = YES;
				CLANG_WARN_OBJC_ROOT_CLASS = YES_ERROR;
				CLANG_WARN_SUSPICIOUS_MOVE = YES;
				CLANG_WARN_UNREACHABLE_CODE = YES;
				CLANG_WARN__DUPLICATE_METHOD_MATCH = YES;
				"CODE_SIGN_IDENTITY[sdk=iphoneos*]" = "iPhone Developer";
				COPY_PHASE_STRIP = NO;
				DEBUG_INFORMATION_FORMAT = dwarf;
				ENABLE_STRICT_OBJC_MSGSEND = YES;
				ENABLE_TESTABILITY = YES;
				GCC_C_LANGUAGE_STANDARD = gnu99;
				GCC_DYNAMIC_NO_PIC = NO;
				GCC_NO_COMMON_BLOCKS = YES;
				GCC_OPTIMIZATION_LEVEL = 0;
				GCC_PREPROCESSOR_DEFINITIONS = (
					"DEBUG=1",
					"$(inherited)",
				);
				GCC_WARN_64_TO_32_BIT_CONVERSION = YES;
				GCC_WARN_ABOUT_RETURN_TYPE = YES_ERROR;
				GCC_WARN_UNDECLARED_SELECTOR = YES;
				GCC_WARN_UNINITIALIZED_AUTOS = YES_AGGRESSIVE;
				GCC_WARN_UNUSED_FUNCTION = YES;
				GCC_WARN_UNUSED_VARIABLE = YES;
				IPHONEOS_DEPLOYMENT_TARGET = 10.3;
				MTL_ENABLE_DEBUG_INFO = YES;
				ONLY_ACTIVE_ARCH = YES;
				SDKROOT = iphoneos;
				TARGETED_DEVICE_FAMILY = "1,2";
			};
			name = Debug;
		};
		436BE3071F336C60002E141D /* Release */ = {
			isa = XCBuildConfiguration;
			buildSettings = {
				ALWAYS_SEARCH_USER_PATHS = NO;
				CLANG_ANALYZER_NONNULL = YES;
				CLANG_ANALYZER_NUMBER_OBJECT_CONVERSION = YES_AGGRESSIVE;
				CLANG_CXX_LANGUAGE_STANDARD = "gnu++0x";
				CLANG_CXX_LIBRARY = "libc++";
				CLANG_ENABLE_MODULES = YES;
				CLANG_ENABLE_OBJC_ARC = YES;
				CLANG_WARN_BOOL_CONVERSION = YES;
				CLANG_WARN_CONSTANT_CONVERSION = YES;
				CLANG_WARN_DIRECT_OBJC_ISA_USAGE = YES_ERROR;
				CLANG_WARN_DOCUMENTATION_COMMENTS = YES;
				CLANG_WARN_EMPTY_BODY = YES;
				CLANG_WARN_ENUM_CONVERSION = YES;
				CLANG_WARN_INFINITE_RECURSION = YES;
				CLANG_WARN_INT_CONVERSION = YES;
				CLANG_WARN_OBJC_ROOT_CLASS = YES_ERROR;
				CLANG_WARN_SUSPICIOUS_MOVE = YES;
				CLANG_WARN_UNREACHABLE_CODE = YES;
				CLANG_WARN__DUPLICATE_METHOD_MATCH = YES;
				"CODE_SIGN_IDENTITY[sdk=iphoneos*]" = "iPhone Developer";
				COPY_PHASE_STRIP = NO;
				DEBUG_INFORMATION_FORMAT = "dwarf-with-dsym";
				ENABLE_NS_ASSERTIONS = NO;
				ENABLE_STRICT_OBJC_MSGSEND = YES;
				GCC_C_LANGUAGE_STANDARD = gnu99;
				GCC_NO_COMMON_BLOCKS = YES;
				GCC_WARN_64_TO_32_BIT_CONVERSION = YES;
				GCC_WARN_ABOUT_RETURN_TYPE = YES_ERROR;
				GCC_WARN_UNDECLARED_SELECTOR = YES;
				GCC_WARN_UNINITIALIZED_AUTOS = YES_AGGRESSIVE;
				GCC_WARN_UNUSED_FUNCTION = YES;
				GCC_WARN_UNUSED_VARIABLE = YES;
				IPHONEOS_DEPLOYMENT_TARGET = 10.3;
				MTL_ENABLE_DEBUG_INFO = NO;
				SDKROOT = iphoneos;
				TARGETED_DEVICE_FAMILY = "1,2";
				VALIDATE_PRODUCT = YES;
			};
			name = Release;
		};
		436BE3091F336C60002E141D /* Debug */ = {
			isa = XCBuildConfiguration;
			buildSettings = {
				ASSETCATALOG_COMPILER_APPICON_NAME = AppIcon;
				DEVELOPMENT_TEAM = JLNZ74Z7TD;
				INFOPLIST_FILE = ZYYTextField/Info.plist;
				LD_RUNPATH_SEARCH_PATHS = "$(inherited) @executable_path/Frameworks";
				PRODUCT_BUNDLE_IDENTIFIER = com.shiheng.ZYYTextField;
				PRODUCT_NAME = "$(TARGET_NAME)";
			};
			name = Debug;
		};
		436BE30A1F336C60002E141D /* Release */ = {
			isa = XCBuildConfiguration;
			buildSettings = {
				ASSETCATALOG_COMPILER_APPICON_NAME = AppIcon;
				DEVELOPMENT_TEAM = JLNZ74Z7TD;
				INFOPLIST_FILE = ZYYTextField/Info.plist;
				LD_RUNPATH_SEARCH_PATHS = "$(inherited) @executable_path/Frameworks";
				PRODUCT_BUNDLE_IDENTIFIER = com.shiheng.ZYYTextField;
				PRODUCT_NAME = "$(TARGET_NAME)";
			};
			name = Release;
		};
		436BE30C1F336C60002E141D /* Debug */ = {
			isa = XCBuildConfiguration;
			buildSettings = {
				BUNDLE_LOADER = "$(TEST_HOST)";
				DEVELOPMENT_TEAM = JLNZ74Z7TD;
				INFOPLIST_FILE = ZYYTextFieldTests/Info.plist;
				LD_RUNPATH_SEARCH_PATHS = "$(inherited) @executable_path/Frameworks @loader_path/Frameworks";
				PRODUCT_BUNDLE_IDENTIFIER = com.shiheng.ZYYTextFieldTests;
				PRODUCT_NAME = "$(TARGET_NAME)";
				TEST_HOST = "$(BUILT_PRODUCTS_DIR)/ZYYTextField.app/ZYYTextField";
			};
			name = Debug;
		};
		436BE30D1F336C60002E141D /* Release */ = {
			isa = XCBuildConfiguration;
			buildSettings = {
				BUNDLE_LOADER = "$(TEST_HOST)";
				DEVELOPMENT_TEAM = JLNZ74Z7TD;
				INFOPLIST_FILE = ZYYTextFieldTests/Info.plist;
				LD_RUNPATH_SEARCH_PATHS = "$(inherited) @executable_path/Frameworks @loader_path/Frameworks";
				PRODUCT_BUNDLE_IDENTIFIER = com.shiheng.ZYYTextFieldTests;
				PRODUCT_NAME = "$(TARGET_NAME)";
				TEST_HOST = "$(BUILT_PRODUCTS_DIR)/ZYYTextField.app/ZYYTextField";
			};
			name = Release;
		};
		436BE30F1F336C60002E141D /* Debug */ = {
			isa = XCBuildConfiguration;
			buildSettings = {
				DEVELOPMENT_TEAM = JLNZ74Z7TD;
				INFOPLIST_FILE = ZYYTextFieldUITests/Info.plist;
				LD_RUNPATH_SEARCH_PATHS = "$(inherited) @executable_path/Frameworks @loader_path/Frameworks";
				PRODUCT_BUNDLE_IDENTIFIER = com.shiheng.ZYYTextFieldUITests;
				PRODUCT_NAME = "$(TARGET_NAME)";
				TEST_TARGET_NAME = ZYYTextField;
			};
			name = Debug;
		};
		436BE3101F336C60002E141D /* Release */ = {
			isa = XCBuildConfiguration;
			buildSettings = {
				DEVELOPMENT_TEAM = JLNZ74Z7TD;
				INFOPLIST_FILE = ZYYTextFieldUITests/Info.plist;
				LD_RUNPATH_SEARCH_PATHS = "$(inherited) @executable_path/Frameworks @loader_path/Frameworks";
				PRODUCT_BUNDLE_IDENTIFIER = com.shiheng.ZYYTextFieldUITests;
				PRODUCT_NAME = "$(TARGET_NAME)";
				TEST_TARGET_NAME = ZYYTextField;
			};
			name = Release;
		};
/* End XCBuildConfiguration section */

/* Begin XCConfigurationList section */
		436BE2D61F336C60002E141D /* Build configuration list for PBXProject "ZYYTextField" */ = {
			isa = XCConfigurationList;
			buildConfigurations = (
				436BE3061F336C60002E141D /* Debug */,
				436BE3071F336C60002E141D /* Release */,
			);
			defaultConfigurationIsVisible = 0;
			defaultConfigurationName = Release;
		};
		436BE3081F336C60002E141D /* Build configuration list for PBXNativeTarget "ZYYTextField" */ = {
			isa = XCConfigurationList;
			buildConfigurations = (
				436BE3091F336C60002E141D /* Debug */,
				436BE30A1F336C60002E141D /* Release */,
			);
			defaultConfigurationIsVisible = 0;
		};
		436BE30B1F336C60002E141D /* Build configuration list for PBXNativeTarget "ZYYTextFieldTests" */ = {
			isa = XCConfigurationList;
			buildConfigurations = (
				436BE30C1F336C60002E141D /* Debug */,
				436BE30D1F336C60002E141D /* Release */,
			);
			defaultConfigurationIsVisible = 0;
		};
		436BE30E1F336C60002E141D /* Build configuration list for PBXNativeTarget "ZYYTextFieldUITests" */ = {
			isa = XCConfigurationList;
			buildConfigurations = (
				436BE30F1F336C60002E141D /* Debug */,
				436BE3101F336C60002E141D /* Release */,
			);
			defaultConfigurationIsVisible = 0;
		};
/* End XCConfigurationList section */
	};
	rootObject = 436BE2D31F336C60002E141D /* Project object */;
}
